
Microsoft Visual Studio Solution File, Format Version 12.00
# Visual Studio 15
VisualStudioVersion = 15.0.27004.2010
MinimumVisualStudioVersion = 10.0.40219.1
Project("{FAE04EC0-301F-11D3-BF4B-00C04F79EFBC}") = "Publicis.DDM.Middleware", "Publicis.DDM.Middleware\Publicis.DDM.Middleware.csproj", "{D75D8EB2-6D88-48F3-8942-A1F54D3ADE2E}"
EndProject
Project("{FAE04EC0-301F-11D3-BF4B-00C04F79EFBC}") = "Publicis.DDM.FrontEnd", "Publicis.DDM.FrontEnd\Publicis.DDM.FrontEnd.csproj", "{5A41EB84-30B8-443B-B511-0CC70A3FF847}"
EndProject
Global
	GlobalSection(SolutionConfigurationPlatforms) = preSolution
		Debug|Any CPU = Debug|Any CPU
		Debug|ARM = Debug|ARM
		Debug|x64 = Debug|x64
		Debug|x86 = Debug|x86
		Release|Any CPU = Release|Any CPU
		Release|ARM = Release|ARM
		Release|x64 = Release|x64
		Release|x86 = Release|x86
	EndGlobalSection
	GlobalSection(ProjectConfigurationPlatforms) = postSolution
		{D75D8EB2-6D88-48F3-8942-A1F54D3ADE2E}.Debug|Any CPU.ActiveCfg = Debug|Any CPU
		{D75D8EB2-6D88-48F3-8942-A1F54D3ADE2E}.Debug|Any CPU.Build.0 = Debug|Any CPU
		{D75D8EB2-6D88-48F3-8942-A1F54D3ADE2E}.Debug|ARM.ActiveCfg = Debug|Any CPU
		{D75D8EB2-6D88-48F3-8942-A1F54D3ADE2E}.Debug|ARM.Build.0 = Debug|Any CPU
		{D75D8EB2-6D88-48F3-8942-A1F54D3ADE2E}.Debug|x64.ActiveCfg = Debug|Any CPU
		{D75D8EB2-6D88-48F3-8942-A1F54D3ADE2E}.Debug|x64.Build.0 = Debug|Any CPU
		{D75D8EB2-6D88-48F3-8942-A1F54D3ADE2E}.Debug|x86.ActiveCfg = Debug|Any CPU
		{D75D8EB2-6D88-48F3-8942-A1F54D3ADE2E}.Debug|x86.Build.0 = Debug|Any CPU
		{D75D8EB2-6D88-48F3-8942-A1F54D3ADE2E}.Release|Any CPU.ActiveCfg = Release|Any CPU
		{D75D8EB2-6D88-48F3-8942-A1F54D3ADE2E}.Release|Any CPU.Build.0 = Release|Any CPU
		{D75D8EB2-6D88-48F3-8942-A1F54D3ADE2E}.Release|ARM.ActiveCfg = Release|Any CPU
		{D75D8EB2-6D88-48F3-8942-A1F54D3ADE2E}.Release|ARM.Build.0 = Release|Any CPU
		{D75D8EB2-6D88-48F3-8942-A1F54D3ADE2E}.Release|x64.ActiveCfg = Release|Any CPU
		{D75D8EB2-6D88-48F3-8942-A1F54D3ADE2E}.Release|x64.Build.0 = Release|Any CPU
		{D75D8EB2-6D88-48F3-8942-A1F54D3ADE2E}.Release|x86.ActiveCfg = Release|Any CPU
		{D75D8EB2-6D88-48F3-8942-A1F54D3ADE2E}.Release|x86.Build.0 = Release|Any CPU
		{5A41EB84-30B8-443B-B511-0CC70A3FF847}.Debug|Any CPU.ActiveCfg = Debug|Any CPU
		{5A41EB84-30B8-443B-B511-0CC70A3FF847}.Debug|Any CPU.Build.0 = Debug|Any CPU
		{5A41EB84-30B8-443B-B511-0CC70A3FF847}.Debug|ARM.ActiveCfg = Debug|Any CPU
		{5A41EB84-30B8-443B-B511-0CC70A3FF847}.Debug|ARM.Build.0 = Debug|Any CPU
		{5A41EB84-30B8-443B-B511-0CC70A3FF847}.Debug|x64.ActiveCfg = Debug|Any CPU
		{5A41EB84-30B8-443B-B511-0CC70A3FF847}.Debug|x64.Build.0 = Debug|Any CPU
		{5A41EB84-30B8-443B-B511-0CC70A3FF847}.Debug|x86.ActiveCfg = Debug|Any CPU
		{5A41EB84-30B8-443B-B511-0CC70A3FF847}.Debug|x86.Build.0 = Debug|Any CPU
		{5A41EB84-30B8-443B-B511-0CC70A3FF847}.Release|Any CPU.ActiveCfg = Release|Any CPU
		{5A41EB84-30B8-443B-B511-0CC70A3FF847}.Release|Any CPU.Build.0 = Release|Any CPU
		{5A41EB84-30B8-443B-B511-0CC70A3FF847}.Release|ARM.ActiveCfg = Release|Any CPU
		{5A41EB84-30B8-443B-B511-0CC70A3FF847}.Release|ARM.Build.0 = Release|Any CPU
		{5A41EB84-30B8-443B-B511-0CC70A3FF847}.Release|x64.ActiveCfg = Release|Any CPU
		{5A41EB84-30B8-443B-B511-0CC70A3FF847}.Release|x64.Build.0 = Release|Any CPU
		{5A41EB84-30B8-443B-B511-0CC70A3FF847}.Release|x86.ActiveCfg = Release|Any CPU
		{5A41EB84-30B8-443B-B511-0CC70A3FF847}.Release|x86.Build.0 = Release|Any CPU
	EndGlobalSection
	GlobalSection(SolutionProperties) = preSolution
		HideSolutionNode = FALSE
	EndGlobalSection
	GlobalSection(ExtensibilityGlobals) = postSolution
		SolutionGuid = {2845206E-72C8-4804-A936-8D8122EDF688}
	EndGlobalSection
EndGlobal
